Microsoft Visual Studio Solution File, Format Version 11.00
# Visual Studio 2008

Project("{1510F460-CAA4-7D41-5C09-2891232C6CF4}") = "Technical_trainning", "Assembly-CSharp.csproj", "{3F789F3B-BB17-94A7-D629-A9857F9B73A6}"
EndProject
Global
	GlobalSection(SolutionConfigurationPlatforms) = preSolution
		Debug|Any CPU = Debug|Any CPU
		Release|Any CPU = Release|Any CPU
	EndGlobalSection
	GlobalSection(ProjectConfigurationPlatforms) = postSolution
		{3F789F3B-BB17-94A7-D629-A9857F9B73A6}.Debug|Any CPU.ActiveCfg = Debug|Any CPU
		{3F789F3B-BB17-94A7-D629-A9857F9B73A6}.Debug|Any CPU.Build.0 = Debug|Any CPU
		{3F789F3B-BB17-94A7-D629-A9857F9B73A6}.Release|Any CPU.ActiveCfg = Release|Any CPU
		{3F789F3B-BB17-94A7-D629-A9857F9B73A6}.Release|Any CPU.Build.0 = Release|Any CPU
	EndGlobalSection
	GlobalSection(SolutionProperties) = preSolution
		HideSolutionNode = FALSE
	EndGlobalSection
	GlobalSection(MonoDevelopProperties) = preSolution
		StartupItem = Assembly-CSharp.csproj
	EndGlobalSection
EndGlobal
